
Microsoft Visual Studio Solution File, Format Version 12.00
# Visual Studio Version 17
VisualStudioVersion = 17.3.32901.215
MinimumVisualStudioVersion = 10.0.40219.1
Project("{FAE04EC0-301F-11D3-BF4B-00C04F79EFBC}") = "ToDoList", "ToDoList\ToDoList.csproj", "{09C86F79-C67B-497B-AE79-7DA85A237CA6}"
EndProject
Global
	GlobalSection(SolutionConfigurationPlatforms) = preSolution
		Debug|Any CPU = Debug|Any CPU
		Release|Any CPU = Release|Any CPU
	EndGlobalSection
	GlobalSection(ProjectConfigurationPlatforms) = postSolution
		{09C86F79-C67B-497B-AE79-7DA85A237CA6}.Debug|Any CPU.ActiveCfg = Debug|Any CPU
		{09C86F79-C67B-497B-AE79-7DA85A237CA6}.Debug|Any CPU.Build.0 = Debug|Any CPU
		{09C86F79-C67B-497B-AE79-7DA85A237CA6}.Release|Any CPU.ActiveCfg = Release|Any CPU
		{09C86F79-C67B-497B-AE79-7DA85A237CA6}.Release|Any CPU.Build.0 = Release|Any CPU
	EndGlobalSection
	GlobalSection(SolutionProperties) = preSolution
		HideSolutionNode = FALSE
	EndGlobalSection
	GlobalSection(ExtensibilityGlobals) = postSolution
		SolutionGuid = {21430E4D-5A02-4BBC-84E5-740D115C79BF}
	EndGlobalSection
EndGlobal
